github.com/BurntSushi/toml v0.3.1 h1:WXkYYl6Yr3qBf1K79EBnL4mak0OimBfB0XUf9Vl28OQ=
github.com/BurntSushi/toml v0.3.1/go.mod h1:xHWCNGjB5oqiDr8zfno3MHue2Ht5sIBksp03qcyfWMU=
github.com/intel/tfortools v0.2.0 h1:n8OWuJ2gysONk724KWpynicX/N0OrBNjbF/kGRduvQw=
github.com/intel/tfortools v0.2.0/go.mod h1:VNwPPab3wzbXX9CBtgsD718qK1w6ryEydP6ZoIrbI7w=
github.com/jessevdk/go-flags v1.4.0 h1:4IU2WS7AumrZ/40jfhf4QVDMsQwqA7VEHozFRrGARJA=
github.com/jessevdk/go-flags v1.4.0/go.mod h1:4FA24M0QyGHXBuZZK/XkWh8h0e1EYbRYJSGM75WSRxI=
github.com/lrstanley/borg v0.0.0-20180331030836-c7042f69f81a h1:V7kVmyt2jXdpWhtFqirej75/e8w4W19RF4Wc3MH/6Hc=
github.com/lrstanley/borg v0.0.0-20180331030836-c7042f69f81a/go.mod h1:vLL8eOJq+nyfTTvNfn4aOeQEkqq/B/+AzSG82MmHpDA=
github.com/lrstanley/nagios-check-ircd v0.0.8 h1:k9wKBPS5/CcIn6v2DAsiZ6wV8C8ah/Wm86rWYbwqXSo=
github.com/lrstanley/nagios-check-ircd v0.0.8/go.mod h1:Q789IQfaPOcL97+4a1adRJpeDb6rGjNmkOXO4MUlIeI=
github.com/lrstanley/nagios-notify-irc v0.0.3 h1:9lDc+Ymg2Kpv6LBMcFaoBdiLJ+cqMF37O/XYQJctArE=
github.com/lrstanley/nagios-notify-irc v0.0.3/go.mod h1:5pfh5MJWlycq/VTcLiUOdUoCNIvNfSFFHUK2jB5GTWc=
github.com/valyala/gorpc v0.0.0-20160519171614-908281bef774 h1:SUHFQHAaySqF0YHCmmm0EIFooFZpDPpi5KTom7YJ07c=
github.com/valyala/gorpc v0.0.0-20160519171614-908281bef774/go.mod h1:8uNqM1i7pr0jO7gdvbNCgsSa8Ki2vMh7JCQxO9BlF90=
